{
  "meteor": {},
  "dependencies": {
    "basePackages": {
      "roles": {},
      "event-hooks": {},
      "moment": {},
      "apm": {
        "git": "git://github.com/arunoda/meteor-apm-client.git",
        "branch": "master"
      }
    },
    "packages": {
      "roles": {
        "git": "https://github.com/alanning/meteor-roles.git",
        "tag": "v1.2.6",
        "commit": "f2a9058281f8f2fe028767841d7445aadd6893cf"
      },
      "event-hooks": {
        "git": "https://github.com/BenjaminRH/meteor-event-hooks.git",
        "tag": "v1.4.3",
        "commit": "ba4f3d7887748458618d29615492906f0c88d31c"
      },
      "moment": {
        "git": "https://github.com/acreeger/meteor-moment.git",
        "tag": "v2.5.1",
        "commit": "8c9bc5d3fc96705057737cb9743d555417f6e551"
      },
      "apm": {
        "git": "git://github.com/arunoda/meteor-apm-client.git",
        "branch": "master",
        "commit": "6b331e1760c632ef8455883c42f7e8c478fe0e88"
      }
    }
  }
}
